// !$*UTF8*$!
{
	archiveVersion = 1;
	classes = {
	};
	objectVersion = 56;
	objects = {

/* Begin PBXBuildFile section */
		B60DBD8E29CB6CEF0064C003 /* UITextField+Extension.swift in Sources */ = {isa = PBXBuildFile; fileRef = B60DBD8D29CB6CEF0064C003 /* UITextField+Extension.swift */; };
		B610326E29B6719600602C20 /* AppDelegate.swift in Sources */ = {isa = PBXBuildFile; fileRef = B610326D29B6719600602C20 /* AppDelegate.swift */; };
		B610327029B6719600602C20 /* SceneDelegate.swift in Sources */ = {isa = PBXBuildFile; fileRef = B610326F29B6719600602C20 /* SceneDelegate.swift */; };
		B610327229B6719600602C20 /* MainVC.swift in Sources */ = {isa = PBXBuildFile; fileRef = B610327129B6719600602C20 /* MainVC.swift */; };
		B610327829B6719600602C20 /* todo.xcdatamodeld in Sources */ = {isa = PBXBuildFile; fileRef = B610327629B6719600602C20 /* todo.xcdatamodeld */; };
		B610327A29B6719700602C20 /* Assets.xcassets in Resources */ = {isa = PBXBuildFile; fileRef = B610327929B6719700602C20 /* Assets.xcassets */; };
		B610327D29B6719700602C20 /* LaunchScreen.storyboard in Resources */ = {isa = PBXBuildFile; fileRef = B610327B29B6719700602C20 /* LaunchScreen.storyboard */; };
		B61DE04E29C374CB0056F28C /* TodoModel.swift in Sources */ = {isa = PBXBuildFile; fileRef = B61DE04D29C374CB0056F28C /* TodoModel.swift */; };
		B6432AAF29B68E32007FA1F7 /* SnapKit in Frameworks */ = {isa = PBXBuildFile; productRef = B6432AAE29B68E32007FA1F7 /* SnapKit */; };
		B67B66A629B940E200C7756D /* FSCalendar in Frameworks */ = {isa = PBXBuildFile; productRef = B67B66A529B940E200C7756D /* FSCalendar */; };
		B689594729B7AF94000B01A9 /* AddTodoVC.swift in Sources */ = {isa = PBXBuildFile; fileRef = B689594629B7AF94000B01A9 /* AddTodoVC.swift */; };
		B6E8209429CA2650008FA828 /* TodoCell.swift in Sources */ = {isa = PBXBuildFile; fileRef = B6E8209229CA2650008FA828 /* TodoCell.swift */; };
/* End PBXBuildFile section */

/* Begin PBXFileReference section */
		B60DBD8D29CB6CEF0064C003 /* UITextField+Extension.swift */ = {isa = PBXFileReference; lastKnownFileType = sourcecode.swift; path = "UITextField+Extension.swift"; sourceTree = "<group>"; };
		B610326A29B6719600602C20 /* todo.app */ = {isa = PBXFileReference; explicitFileType = wrapper.application; includeInIndex = 0; path = todo.app; sourceTree = BUILT_PRODUCTS_DIR; };
		B610326D29B6719600602C20 /* AppDelegate.swift */ = {isa = PBXFileReference; lastKnownFileType = sourcecode.swift; path = AppDelegate.swift; sourceTree = "<group>"; };
		B610326F29B6719600602C20 /* SceneDelegate.swift */ = {isa = PBXFileReference; lastKnownFileType = sourcecode.swift; path = SceneDelegate.swift; sourceTree = "<group>"; };
		B610327129B6719600602C20 /* MainVC.swift */ = {isa = PBXFileReference; lastKnownFileType = sourcecode.swift; path = MainVC.swift; sourceTree = "<group>"; };
		B610327729B6719600602C20 /* todo.xcdatamodel */ = {isa = PBXFileReference; lastKnownFileType = wrapper.xcdatamodel; path = todo.xcdatamodel; sourceTree = "<group>"; };
		B610327929B6719700602C20 /* Assets.xcassets */ = {isa = PBXFileReference; lastKnownFileType = folder.assetcatalog; path = Assets.xcassets; sourceTree = "<group>"; };
		B610327C29B6719700602C20 /* Base */ = {isa = PBXFileReference; lastKnownFileType = file.storyboard; name = Base; path = Base.lproj/LaunchScreen.storyboard; sourceTree = "<group>"; };
		B610327E29B6719700602C20 /* Info.plist */ = {isa = PBXFileReference; lastKnownFileType = text.plist.xml; path = Info.plist; sourceTree = "<group>"; };
		B61DE04D29C374CB0056F28C /* TodoModel.swift */ = {isa = PBXFileReference; lastKnownFileType = sourcecode.swift; path = TodoModel.swift; sourceTree = "<group>"; };
		B689594629B7AF94000B01A9 /* AddTodoVC.swift */ = {isa = PBXFileReference; lastKnownFileType = sourcecode.swift; path = AddTodoVC.swift; sourceTree = "<group>"; };
		B6E8209229CA2650008FA828 /* TodoCell.swift */ = {isa = PBXFileReference; lastKnownFileType = sourcecode.swift; path = TodoCell.swift; sourceTree = "<group>"; };
/* End PBXFileReference section */

/* Begin PBXFrameworksBuildPhase section */
		B610326729B6719600602C20 /* Frameworks */ = {
			isa = PBXFrameworksBuildPhase;
			buildActionMask = 2147483647;
			files = (
				B6432AAF29B68E32007FA1F7 /* SnapKit in Frameworks */,
				B67B66A629B940E200C7756D /* FSCalendar in Frameworks */,
			);
			runOnlyForDeploymentPostprocessing = 0;
		};
/* End PBXFrameworksBuildPhase section */

/* Begin PBXGroup section */
		B60D8E3A29CBC10D0023D287 /* App */ = {
			isa = PBXGroup;
			children = (
				B610326D29B6719600602C20 /* AppDelegate.swift */,
				B610326F29B6719600602C20 /* SceneDelegate.swift */,
			);
			path = App;
			sourceTree = "<group>";
		};
		B610326129B6719600602C20 = {
			isa = PBXGroup;
			children = (
				B610326C29B6719600602C20 /* todo */,
				B610326B29B6719600602C20 /* Products */,
			);
			sourceTree = "<group>";
		};
		B610326B29B6719600602C20 /* Products */ = {
			isa = PBXGroup;
			children = (
				B610326A29B6719600602C20 /* todo.app */,
			);
			name = Products;
			sourceTree = "<group>";
		};
		B610326C29B6719600602C20 /* todo */ = {
			isa = PBXGroup;
			children = (
				B60D8E3A29CBC10D0023D287 /* App */,
				B610328429B674FB00602C20 /* Models */,
				B610328529B6750400602C20 /* Views */,
				B610328629B6750D00602C20 /* Controller */,
				B6DE684B29BA4D4B0033EDAF /* Extension */,
				B610327929B6719700602C20 /* Assets.xcassets */,
				B610327B29B6719700602C20 /* LaunchScreen.storyboard */,
				B610327629B6719600602C20 /* todo.xcdatamodeld */,
				B610327E29B6719700602C20 /* Info.plist */,
			);
			path = todo;
			sourceTree = "<group>";
		};
		B610328429B674FB00602C20 /* Models */ = {
			isa = PBXGroup;
			children = (
				B61DE04D29C374CB0056F28C /* TodoModel.swift */,
			);
			path = Models;
			sourceTree = "<group>";
		};
		B610328529B6750400602C20 /* Views */ = {
			isa = PBXGroup;
			children = (
				B6E8209229CA2650008FA828 /* TodoCell.swift */,
			);
			path = Views;
			sourceTree = "<group>";
		};
		B610328629B6750D00602C20 /* Controller */ = {
			isa = PBXGroup;
			children = (
				B610327129B6719600602C20 /* MainVC.swift */,
				B689594629B7AF94000B01A9 /* AddTodoVC.swift */,
			);
			path = Controller;
			sourceTree = "<group>";
		};
		B6DE684B29BA4D4B0033EDAF /* Extension */ = {
			isa = PBXGroup;
			children = (
				B60DBD8D29CB6CEF0064C003 /* UITextField+Extension.swift */,
			);
			path = Extension;
			sourceTree = "<group>";
		};
/* End PBXGroup section */

/* Begin PBXNativeTarget section */
		B610326929B6719600602C20 /* todo */ = {
			isa = PBXNativeTarget;
			buildConfigurationList = B610328129B6719700602C20 /* Build configuration list for PBXNativeTarget "todo" */;
			buildPhases = (
				B610326629B6719600602C20 /* Sources */,
				B610326729B6719600602C20 /* Frameworks */,
				B610326829B6719600602C20 /* Resources */,
			);
			buildRules = (
			);
			dependencies = (
			);
			name = todo;
			packageProductDependencies = (
				B6432AAE29B68E32007FA1F7 /* SnapKit */,
				B67B66A529B940E200C7756D /* FSCalendar */,
			);
			productName = todo;
			productReference = B610326A29B6719600602C20 /* todo.app */;
			productType = "com.apple.product-type.application";
		};
/* End PBXNativeTarget section */

/* Begin PBXProject section */
		B610326229B6719600602C20 /* Project object */ = {
			isa = PBXProject;
			attributes = {
				BuildIndependentTargetsInParallel = 1;
				LastSwiftUpdateCheck = 1420;
				LastUpgradeCheck = 1420;
				TargetAttributes = {
					B610326929B6719600602C20 = {
						CreatedOnToolsVersion = 14.2;
					};
				};
			};
			buildConfigurationList = B610326529B6719600602C20 /* Build configuration list for PBXProject "todo" */;
			compatibilityVersion = "Xcode 14.0";
			developmentRegion = en;
			hasScannedForEncodings = 0;
			knownRegions = (
				en,
				Base,
			);
			mainGroup = B610326129B6719600602C20;
			packageReferences = (
				B6432AAD29B68E32007FA1F7 /* XCRemoteSwiftPackageReference "SnapKit" */,
				B67B66A429B940E200C7756D /* XCRemoteSwiftPackageReference "FSCalendar" */,
			);
			productRefGroup = B610326B29B6719600602C20 /* Products */;
			projectDirPath = "";
			projectRoot = "";
			targets = (
				B610326929B6719600602C20 /* todo */,
			);
		};
/* End PBXProject section */

/* Begin PBXResourcesBuildPhase section */
		B610326829B6719600602C20 /* Resources */ = {
			isa = PBXResourcesBuildPhase;
			buildActionMask = 2147483647;
			files = (
				B610327D29B6719700602C20 /* LaunchScreen.storyboard in Resources */,
				B610327A29B6719700602C20 /* Assets.xcassets in Resources */,
			);
			runOnlyForDeploymentPostprocessing = 0;
		};
/* End PBXResourcesBuildPhase section */

/* Begin PBXSourcesBuildPhase section */
		B610326629B6719600602C20 /* Sources */ = {
			isa = PBXSourcesBuildPhase;
			buildActionMask = 2147483647;
			files = (
				B610327229B6719600602C20 /* MainVC.swift in Sources */,
				B689594729B7AF94000B01A9 /* AddTodoVC.swift in Sources */,
				B610326E29B6719600602C20 /* AppDelegate.swift in Sources */,
				B610327029B6719600602C20 /* SceneDelegate.swift in Sources */,
				B61DE04E29C374CB0056F28C /* TodoModel.swift in Sources */,
				B60DBD8E29CB6CEF0064C003 /* UITextField+Extension.swift in Sources */,
				B610327829B6719600602C20 /* todo.xcdatamodeld in Sources */,
				B6E8209429CA2650008FA828 /* TodoCell.swift in Sources */,
			);
			runOnlyForDeploymentPostprocessing = 0;
		};
/* End PBXSourcesBuildPhase section */

/* Begin PBXVariantGroup section */
		B610327B29B6719700602C20 /* LaunchScreen.storyboard */ = {
			isa = PBXVariantGroup;
			children = (
				B610327C29B6719700602C20 /* Base */,
			);
			name = LaunchScreen.storyboard;
			sourceTree = "<group>";
		};
/* End PBXVariantGroup section */

/* Begin XCBuildConfiguration section */
		B610327F29B6719700602C20 /* Debug */ = {
			isa = XCBuildConfiguration;
			buildSettings = {
				ALWAYS_SEARCH_USER_PATHS = NO;
				CLANG_ANALYZER_NONNULL = YES;
				CLANG_ANALYZER_NUMBER_OBJECT_CONVERSION = YES_AGGRESSIVE;
				CLANG_CXX_LANGUAGE_STANDARD = "gnu++20";
				CLANG_ENABLE_MODULES = YES;
				CLANG_ENABLE_OBJC_ARC = YES;
				CLANG_ENABLE_OBJC_WEAK = YES;
				CLANG_WARN_BLOCK_CAPTURE_AUTORELEASING = YES;
				CLANG_WARN_BOOL_CONVERSION = YES;
				CLANG_WARN_COMMA = YES;
				CLANG_WARN_CONSTANT_CONVERSION = YES;
				CLANG_WARN_DEPRECATED_OBJC_IMPLEMENTATIONS = YES;
				CLANG_WARN_DIRECT_OBJC_ISA_USAGE = YES_ERROR;
				CLANG_WARN_DOCUMENTATION_COMMENTS = YES;
				CLANG_WARN_EMPTY_BODY = YES;
				CLANG_WARN_ENUM_CONVERSION = YES;
				CLANG_WARN_INFINITE_RECURSION = YES;
				CLANG_WARN_INT_CONVERSION = YES;
				CLANG_WARN_NON_LITERAL_NULL_CONVERSION = YES;
				CLANG_WARN_OBJC_IMPLICIT_RETAIN_SELF = YES;
				CLANG_WARN_OBJC_LITERAL_CONVERSION = YES;
				CLANG_WARN_OBJC_ROOT_CLASS = YES_ERROR;
				CLANG_WARN_QUOTED_INCLUDE_IN_FRAMEWORK_HEADER = YES;
				CLANG_WARN_RANGE_LOOP_ANALYSIS = YES;
				CLANG_WARN_STRICT_PROTOTYPES = YES;
				CLANG_WARN_SUSPICIOUS_MOVE = YES;
				CLANG_WARN_UNGUARDED_AVAILABILITY = YES_AGGRESSIVE;
				CLANG_WARN_UNREACHABLE_CODE = YES;
				CLANG_WARN__DUPLICATE_METHOD_MATCH = YES;
				COPY_PHASE_STRIP = NO;
				DEBUG_INFORMATION_FORMAT = dwarf;
				ENABLE_STRICT_OBJC_MSGSEND = YES;
				ENABLE_TESTABILITY = YES;
				GCC_C_LANGUAGE_STANDARD = gnu11;
				GCC_DYNAMIC_NO_PIC = NO;
				GCC_NO_COMMON_BLOCKS = YES;
				GCC_OPTIMIZATION_LEVEL = 0;
				GCC_PREPROCESSOR_DEFINITIONS = (
					"DEBUG=1",
					"$(inherited)",
				);
				GCC_WARN_64_TO_32_BIT_CONVERSION = YES;
				GCC_WARN_ABOUT_RETURN_TYPE = YES_ERROR;
				GCC_WARN_UNDECLARED_SELECTOR = YES;
				GCC_WARN_UNINITIALIZED_AUTOS = YES_AGGRESSIVE;
				GCC_WARN_UNUSED_FUNCTION = YES;
				GCC_WARN_UNUSED_VARIABLE = YES;
				IPHONEOS_DEPLOYMENT_TARGET = 16.2;
				MTL_ENABLE_DEBUG_INFO = INCLUDE_SOURCE;
				MTL_FAST_MATH = YES;
				ONLY_ACTIVE_ARCH = YES;
				SDKROOT = iphoneos;
				SWIFT_ACTIVE_COMPILATION_CONDITIONS = DEBUG;
				SWIFT_OPTIMIZATION_LEVEL = "-Onone";
			};
			name = Debug;
		};
		B610328029B6719700602C20 /* Release */ = {
			isa = XCBuildConfiguration;
			buildSettings = {
				ALWAYS_SEARCH_USER_PATHS = NO;
				CLANG_ANALYZER_NONNULL = YES;
				CLANG_ANALYZER_NUMBER_OBJECT_CONVERSION = YES_AGGRESSIVE;
				CLANG_CXX_LANGUAGE_STANDARD = "gnu++20";
				CLANG_ENABLE_MODULES = YES;
				CLANG_ENABLE_OBJC_ARC = YES;
				CLANG_ENABLE_OBJC_WEAK = YES;
				CLANG_WARN_BLOCK_CAPTURE_AUTORELEASING = YES;
				CLANG_WARN_BOOL_CONVERSION = YES;
				CLANG_WARN_COMMA = YES;
				CLANG_WARN_CONSTANT_CONVERSION = YES;
				CLANG_WARN_DEPRECATED_OBJC_IMPLEMENTATIONS = YES;
				CLANG_WARN_DIRECT_OBJC_ISA_USAGE = YES_ERROR;
				CLANG_WARN_DOCUMENTATION_COMMENTS = YES;
				CLANG_WARN_EMPTY_BODY = YES;
				CLANG_WARN_ENUM_CONVERSION = YES;
				CLANG_WARN_INFINITE_RECURSION = YES;
				CLANG_WARN_INT_CONVERSION = YES;
				CLANG_WARN_NON_LITERAL_NULL_CONVERSION = YES;
				CLANG_WARN_OBJC_IMPLICIT_RETAIN_SELF = YES;
				CLANG_WARN_OBJC_LITERAL_CONVERSION = YES;
				CLANG_WARN_OBJC_ROOT_CLASS = YES_ERROR;
				CLANG_WARN_QUOTED_INCLUDE_IN_FRAMEWORK_HEADER = YES;
				CLANG_WARN_RANGE_LOOP_ANALYSIS = YES;
				CLANG_WARN_STRICT_PROTOTYPES = YES;
				CLANG_WARN_SUSPICIOUS_MOVE = YES;
				CLANG_WARN_UNGUARDED_AVAILABILITY = YES_AGGRESSIVE;
				CLANG_WARN_UNREACHABLE_CODE = YES;
				CLANG_WARN__DUPLICATE_METHOD_MATCH = YES;
				COPY_PHASE_STRIP = NO;
				DEBUG_INFORMATION_FORMAT = "dwarf-with-dsym";
				ENABLE_NS_ASSERTIONS = NO;
				ENABLE_STRICT_OBJC_MSGSEND = YES;
				GCC_C_LANGUAGE_STANDARD = gnu11;
				GCC_NO_COMMON_BLOCKS = YES;
				GCC_WARN_64_TO_32_BIT_CONVERSION = YES;
				GCC_WARN_ABOUT_RETURN_TYPE = YES_ERROR;
				GCC_WARN_UNDECLARED_SELECTOR = YES;
				GCC_WARN_UNINITIALIZED_AUTOS = YES_AGGRESSIVE;
				GCC_WARN_UNUSED_FUNCTION = YES;
				GCC_WARN_UNUSED_VARIABLE = YES;
				IPHONEOS_DEPLOYMENT_TARGET = 16.2;
				MTL_ENABLE_DEBUG_INFO = NO;
				MTL_FAST_MATH = YES;
				SDKROOT = iphoneos;
				SWIFT_COMPILATION_MODE = wholemodule;
				SWIFT_OPTIMIZATION_LEVEL = "-O";
				VALIDATE_PRODUCT = YES;
			};
			name = Release;
		};
		B610328229B6719700602C20 /* Debug */ = {
			isa = XCBuildConfiguration;
			buildSettings = {
				ASSETCATALOG_COMPILER_APPICON_NAME = AppIcon;
				ASSETCATALOG_COMPILER_GLOBAL_ACCENT_COLOR_NAME = AccentColor;
				CODE_SIGN_STYLE = Automatic;
				CURRENT_PROJECT_VERSION = 1;
				DEVELOPMENT_TEAM = 795B9PM24U;
				GENERATE_INFOPLIST_FILE = YES;
				INFOPLIST_FILE = todo/Info.plist;
				INFOPLIST_KEY_UIApplicationSupportsIndirectInputEvents = YES;
				INFOPLIST_KEY_UILaunchStoryboardName = LaunchScreen;
				INFOPLIST_KEY_UISupportedInterfaceOrientations_iPad = "UIInterfaceOrientationPortrait UIInterfaceOrientationPortraitUpsideDown UIInterfaceOrientationLandscapeLeft UIInterfaceOrientationLandscapeRight";
				INFOPLIST_KEY_UISupportedInterfaceOrientations_iPhone = "UIInterfaceOrientationPortrait UIInterfaceOrientationLandscapeLeft UIInterfaceOrientationLandscapeRight";
				LD_RUNPATH_SEARCH_PATHS = (
					"$(inherited)",
					"@executable_path/Frameworks",
				);
				MARKETING_VERSION = 1.0;
				PRODUCT_BUNDLE_IDENTIFIER = com.umut.todo;
				PRODUCT_NAME = "$(TARGET_NAME)";
				SWIFT_EMIT_LOC_STRINGS = YES;
				SWIFT_VERSION = 5.0;
				TARGETED_DEVICE_FAMILY = "1,2";
			};
			name = Debug;
		};
		B610328329B6719700602C20 /* Release */ = {
			isa = XCBuildConfiguration;
			buildSettings = {
				ASSETCATALOG_COMPILER_APPICON_NAME = AppIcon;
				ASSETCATALOG_COMPILER_GLOBAL_ACCENT_COLOR_NAME = AccentColor;
				CODE_SIGN_STYLE = Automatic;
				CURRENT_PROJECT_VERSION = 1;
				DEVELOPMENT_TEAM = 795B9PM24U;
				GENERATE_INFOPLIST_FILE = YES;
				INFOPLIST_FILE = todo/Info.plist;
				INFOPLIST_KEY_UIApplicationSupportsIndirectInputEvents = YES;
				INFOPLIST_KEY_UILaunchStoryboardName = LaunchScreen;
				INFOPLIST_KEY_UISupportedInterfaceOrientations_iPad = "UIInterfaceOrientationPortrait UIInterfaceOrientationPortraitUpsideDown UIInterfaceOrientationLandscapeLeft UIInterfaceOrientationLandscapeRight";
				INFOPLIST_KEY_UISupportedInterfaceOrientations_iPhone = "UIInterfaceOrientationPortrait UIInterfaceOrientationLandscapeLeft UIInterfaceOrientationLandscapeRight";
				LD_RUNPATH_SEARCH_PATHS = (
					"$(inherited)",
					"@executable_path/Frameworks",
				);
				MARKETING_VERSION = 1.0;
				PRODUCT_BUNDLE_IDENTIFIER = com.umut.todo;
				PRODUCT_NAME = "$(TARGET_NAME)";
				SWIFT_EMIT_LOC_STRINGS = YES;
				SWIFT_VERSION = 5.0;
				TARGETED_DEVICE_FAMILY = "1,2";
			};
			name = Release;
		};
/* End XCBuildConfiguration section */

/* Begin XCConfigurationList section */
		B610326529B6719600602C20 /* Build configuration list for PBXProject "todo" */ = {
			isa = XCConfigurationList;
			buildConfigurations = (
				B610327F29B6719700602C20 /* Debug */,
				B610328029B6719700602C20 /* Release */,
			);
			defaultConfigurationIsVisible = 0;
			defaultConfigurationName = Release;
		};
		B610328129B6719700602C20 /* Build configuration list for PBXNativeTarget "todo" */ = {
			isa = XCConfigurationList;
			buildConfigurations = (
				B610328229B6719700602C20 /* Debug */,
				B610328329B6719700602C20 /* Release */,
			);
			defaultConfigurationIsVisible = 0;
			defaultConfigurationName = Release;
		};
/* End XCConfigurationList section */

/* Begin XCRemoteSwiftPackageReference section */
		B6432AAD29B68E32007FA1F7 /* XCRemoteSwiftPackageReference "SnapKit" */ = {
			isa = XCRemoteSwiftPackageReference;
			repositoryURL = "https://github.com/SnapKit/SnapKit.git";
			requirement = {
				branch = develop;
				kind = branch;
			};
		};
		B67B66A429B940E200C7756D /* XCRemoteSwiftPackageReference "FSCalendar" */ = {
			isa = XCRemoteSwiftPackageReference;
			repositoryURL = "https://github.com/WenchaoD/FSCalendar.git";
			requirement = {
				kind = upToNextMajorVersion;
				minimumVersion = 2.0.0;
			};
		};
/* End XCRemoteSwiftPackageReference section */

/* Begin XCSwiftPackageProductDependency section */
		B6432AAE29B68E32007FA1F7 /* SnapKit */ = {
			isa = XCSwiftPackageProductDependency;
			package = B6432AAD29B68E32007FA1F7 /* XCRemoteSwiftPackageReference "SnapKit" */;
			productName = SnapKit;
		};
		B67B66A529B940E200C7756D /* FSCalendar */ = {
			isa = XCSwiftPackageProductDependency;
			package = B67B66A429B940E200C7756D /* XCRemoteSwiftPackageReference "FSCalendar" */;
			productName = FSCalendar;
		};
/* End XCSwiftPackageProductDependency section */

/* Begin XCVersionGroup section */
		B610327629B6719600602C20 /* todo.xcdatamodeld */ = {
			isa = XCVersionGroup;
			children = (
				B610327729B6719600602C20 /* todo.xcdatamodel */,
			);
			currentVersion = B610327729B6719600602C20 /* todo.xcdatamodel */;
			path = todo.xcdatamodeld;
			sourceTree = "<group>";
			versionGroupType = wrapper.xcdatamodel;
		};
/* End XCVersionGroup section */
	};
	rootObject = B610326229B6719600602C20 /* Project object */;
}
